
Microsoft Visual Studio Solution File, Format Version 12.00
# Visual Studio Version 16
VisualStudioVersion = 16.0.30517.126
MinimumVisualStudioVersion = 10.0.40219.1
Project("{FAE04EC0-301F-11D3-BF4B-00C04F79EFBC}") = "EmployeProblem", "EmployeProblem.csproj", "{DAC5CDB0-C4F6-4A63-A3B8-0FB042DAF4CB}"
EndProject
Global
	GlobalSection(SolutionConfigurationPlatforms) = preSolution
		Debug|Any CPU = Debug|Any CPU
		Release|Any CPU = Release|Any CPU
	EndGlobalSection
	GlobalSection(ProjectConfigurationPlatforms) = postSolution
		{DAC5CDB0-C4F6-4A63-A3B8-0FB042DAF4CB}.Debug|Any CPU.ActiveCfg = Debug|Any CPU
		{DAC5CDB0-C4F6-4A63-A3B8-0FB042DAF4CB}.Debug|Any CPU.Build.0 = Debug|Any CPU
		{DAC5CDB0-C4F6-4A63-A3B8-0FB042DAF4CB}.Release|Any CPU.ActiveCfg = Release|Any CPU
		{DAC5CDB0-C4F6-4A63-A3B8-0FB042DAF4CB}.Release|Any CPU.Build.0 = Release|Any CPU
	EndGlobalSection
	GlobalSection(SolutionProperties) = preSolution
		HideSolutionNode = FALSE
	EndGlobalSection
	GlobalSection(ExtensibilityGlobals) = postSolution
		SolutionGuid = {0779BB16-788E-4317-B13B-B56FC8B45785}
	EndGlobalSection
EndGlobal
